
Microsoft Visual Studio Solution File, Format Version 12.00
# Visual Studio Version 16
VisualStudioVersion = 16.6.30114.105
MinimumVisualStudioVersion = 10.0.40219.1
Project("{2150E333-8FDC-42A3-9474-1A3956D46DE8}") = "src", "src", "{D75F193E-7B3B-46CB-BFD2-5209245D2720}"
EndProject
Project("{FAE04EC0-301F-11D3-BF4B-00C04F79EFBC}") = "SimepleAPI", "src\SimepleAPI\SimepleAPI.csproj", "{2D49D55B-CC8D-44B7-9C1B-551F576806F7}"
EndProject
Project("{2150E333-8FDC-42A3-9474-1A3956D46DE8}") = "test", "test", "{A49D5B9B-B0CB-4FA3-BE8D-AED7B1CD6876}"
EndProject
Project("{FAE04EC0-301F-11D3-BF4B-00C04F79EFBC}") = "SimpleAPI.Test", "test\SimpleAPI.Test\SimpleAPI.Test.csproj", "{8C9FED63-9442-4265-87ED-6C62EFEDFBF7}"
EndProject
Global
	GlobalSection(SolutionConfigurationPlatforms) = preSolution
		Debug|Any CPU = Debug|Any CPU
		Debug|x64 = Debug|x64
		Debug|x86 = Debug|x86
		Release|Any CPU = Release|Any CPU
		Release|x64 = Release|x64
		Release|x86 = Release|x86
	EndGlobalSection
	GlobalSection(SolutionProperties) = preSolution
		HideSolutionNode = FALSE
	EndGlobalSection
	GlobalSection(ProjectConfigurationPlatforms) = postSolution
		{2D49D55B-CC8D-44B7-9C1B-551F576806F7}.Debug|Any CPU.ActiveCfg = Debug|Any CPU
		{2D49D55B-CC8D-44B7-9C1B-551F576806F7}.Debug|Any CPU.Build.0 = Debug|Any CPU
		{2D49D55B-CC8D-44B7-9C1B-551F576806F7}.Debug|x64.ActiveCfg = Debug|Any CPU
		{2D49D55B-CC8D-44B7-9C1B-551F576806F7}.Debug|x64.Build.0 = Debug|Any CPU
		{2D49D55B-CC8D-44B7-9C1B-551F576806F7}.Debug|x86.ActiveCfg = Debug|Any CPU
		{2D49D55B-CC8D-44B7-9C1B-551F576806F7}.Debug|x86.Build.0 = Debug|Any CPU
		{2D49D55B-CC8D-44B7-9C1B-551F576806F7}.Release|Any CPU.ActiveCfg = Release|Any CPU
		{2D49D55B-CC8D-44B7-9C1B-551F576806F7}.Release|Any CPU.Build.0 = Release|Any CPU
		{2D49D55B-CC8D-44B7-9C1B-551F576806F7}.Release|x64.ActiveCfg = Release|Any CPU
		{2D49D55B-CC8D-44B7-9C1B-551F576806F7}.Release|x64.Build.0 = Release|Any CPU
		{2D49D55B-CC8D-44B7-9C1B-551F576806F7}.Release|x86.ActiveCfg = Release|Any CPU
		{2D49D55B-CC8D-44B7-9C1B-551F576806F7}.Release|x86.Build.0 = Release|Any CPU
		{8C9FED63-9442-4265-87ED-6C62EFEDFBF7}.Debug|Any CPU.ActiveCfg = Debug|Any CPU
		{8C9FED63-9442-4265-87ED-6C62EFEDFBF7}.Debug|Any CPU.Build.0 = Debug|Any CPU
		{8C9FED63-9442-4265-87ED-6C62EFEDFBF7}.Debug|x64.ActiveCfg = Debug|Any CPU
		{8C9FED63-9442-4265-87ED-6C62EFEDFBF7}.Debug|x64.Build.0 = Debug|Any CPU
		{8C9FED63-9442-4265-87ED-6C62EFEDFBF7}.Debug|x86.ActiveCfg = Debug|Any CPU
		{8C9FED63-9442-4265-87ED-6C62EFEDFBF7}.Debug|x86.Build.0 = Debug|Any CPU
		{8C9FED63-9442-4265-87ED-6C62EFEDFBF7}.Release|Any CPU.ActiveCfg = Release|Any CPU
		{8C9FED63-9442-4265-87ED-6C62EFEDFBF7}.Release|Any CPU.Build.0 = Release|Any CPU
		{8C9FED63-9442-4265-87ED-6C62EFEDFBF7}.Release|x64.ActiveCfg = Release|Any CPU
		{8C9FED63-9442-4265-87ED-6C62EFEDFBF7}.Release|x64.Build.0 = Release|Any CPU
		{8C9FED63-9442-4265-87ED-6C62EFEDFBF7}.Release|x86.ActiveCfg = Release|Any CPU
		{8C9FED63-9442-4265-87ED-6C62EFEDFBF7}.Release|x86.Build.0 = Release|Any CPU
	EndGlobalSection
	GlobalSection(NestedProjects) = preSolution
		{2D49D55B-CC8D-44B7-9C1B-551F576806F7} = {D75F193E-7B3B-46CB-BFD2-5209245D2720}
		{8C9FED63-9442-4265-87ED-6C62EFEDFBF7} = {A49D5B9B-B0CB-4FA3-BE8D-AED7B1CD6876}
	EndGlobalSection
EndGlobal
